
Microsoft Visual Studio Solution File, Format Version 12.00
# Visual Studio Version 17
VisualStudioVersion = 17.0.31903.59
MinimumVisualStudioVersion = 10.0.40219.1
Project("{2150E333-8FDC-42A3-9474-1A3956D46DE8}") = "src", "src", "{827E0CD3-B72D-47B6-A68D-7590B98EB39B}"
EndProject
Project("{FAE04EC0-301F-11D3-BF4B-00C04F79EFBC}") = "Budgetha.Domain", "src\Budgetha.Domain\Budgetha.Domain.csproj", "{9E06823C-A474-4769-9AB1-9C066ACDA1DA}"
EndProject
Project("{FAE04EC0-301F-11D3-BF4B-00C04F79EFBC}") = "Budgetha.Application", "src\Budgetha.Application\Budgetha.Application.csproj", "{B5A5DFC9-D533-483B-9315-33B0DA1E8981}"
EndProject
Project("{FAE04EC0-301F-11D3-BF4B-00C04F79EFBC}") = "Budgetha.Infrastructure", "src\Budgetha.Infrastructure\Budgetha.Infrastructure.csproj", "{6647221E-3CFD-475E-951B-3CF5854623AA}"
EndProject
Project("{FAE04EC0-301F-11D3-BF4B-00C04F79EFBC}") = "Budgetha.API", "src\Budgetha.API\Budgetha.API.csproj", "{1B0E8252-9D56-404F-A24B-8BC11D01320B}"
EndProject
Global
	GlobalSection(SolutionConfigurationPlatforms) = preSolution
		Debug|Any CPU = Debug|Any CPU
		Debug|x64 = Debug|x64
		Debug|x86 = Debug|x86
		Release|Any CPU = Release|Any CPU
		Release|x64 = Release|x64
		Release|x86 = Release|x86
	EndGlobalSection
	GlobalSection(ProjectConfigurationPlatforms) = postSolution
		{9E06823C-A474-4769-9AB1-9C066ACDA1DA}.Debug|Any CPU.ActiveCfg = Debug|Any CPU
		{9E06823C-A474-4769-9AB1-9C066ACDA1DA}.Debug|Any CPU.Build.0 = Debug|Any CPU
		{9E06823C-A474-4769-9AB1-9C066ACDA1DA}.Debug|x64.ActiveCfg = Debug|Any CPU
		{9E06823C-A474-4769-9AB1-9C066ACDA1DA}.Debug|x64.Build.0 = Debug|Any CPU
		{9E06823C-A474-4769-9AB1-9C066ACDA1DA}.Debug|x86.ActiveCfg = Debug|Any CPU
		{9E06823C-A474-4769-9AB1-9C066ACDA1DA}.Debug|x86.Build.0 = Debug|Any CPU
		{9E06823C-A474-4769-9AB1-9C066ACDA1DA}.Release|Any CPU.ActiveCfg = Release|Any CPU
		{9E06823C-A474-4769-9AB1-9C066ACDA1DA}.Release|Any CPU.Build.0 = Release|Any CPU
		{9E06823C-A474-4769-9AB1-9C066ACDA1DA}.Release|x64.ActiveCfg = Release|Any CPU
		{9E06823C-A474-4769-9AB1-9C066ACDA1DA}.Release|x64.Build.0 = Release|Any CPU
		{9E06823C-A474-4769-9AB1-9C066ACDA1DA}.Release|x86.ActiveCfg = Release|Any CPU
		{9E06823C-A474-4769-9AB1-9C066ACDA1DA}.Release|x86.Build.0 = Release|Any CPU
		{B5A5DFC9-D533-483B-9315-33B0DA1E8981}.Debug|Any CPU.ActiveCfg = Debug|Any CPU
		{B5A5DFC9-D533-483B-9315-33B0DA1E8981}.Debug|Any CPU.Build.0 = Debug|Any CPU
		{B5A5DFC9-D533-483B-9315-33B0DA1E8981}.Debug|x64.ActiveCfg = Debug|Any CPU
		{B5A5DFC9-D533-483B-9315-33B0DA1E8981}.Debug|x64.Build.0 = Debug|Any CPU
		{B5A5DFC9-D533-483B-9315-33B0DA1E8981}.Debug|x86.ActiveCfg = Debug|Any CPU
		{B5A5DFC9-D533-483B-9315-33B0DA1E8981}.Debug|x86.Build.0 = Debug|Any CPU
		{B5A5DFC9-D533-483B-9315-33B0DA1E8981}.Release|Any CPU.ActiveCfg = Release|Any CPU
		{B5A5DFC9-D533-483B-9315-33B0DA1E8981}.Release|Any CPU.Build.0 = Release|Any CPU
		{B5A5DFC9-D533-483B-9315-33B0DA1E8981}.Release|x64.ActiveCfg = Release|Any CPU
		{B5A5DFC9-D533-483B-9315-33B0DA1E8981}.Release|x64.Build.0 = Release|Any CPU
		{B5A5DFC9-D533-483B-9315-33B0DA1E8981}.Release|x86.ActiveCfg = Release|Any CPU
		{B5A5DFC9-D533-483B-9315-33B0DA1E8981}.Release|x86.Build.0 = Release|Any CPU
		{6647221E-3CFD-475E-951B-3CF5854623AA}.Debug|Any CPU.ActiveCfg = Debug|Any CPU
		{6647221E-3CFD-475E-951B-3CF5854623AA}.Debug|Any CPU.Build.0 = Debug|Any CPU
		{6647221E-3CFD-475E-951B-3CF5854623AA}.Debug|x64.ActiveCfg = Debug|Any CPU
		{6647221E-3CFD-475E-951B-3CF5854623AA}.Debug|x64.Build.0 = Debug|Any CPU
		{6647221E-3CFD-475E-951B-3CF5854623AA}.Debug|x86.ActiveCfg = Debug|Any CPU
		{6647221E-3CFD-475E-951B-3CF5854623AA}.Debug|x86.Build.0 = Debug|Any CPU
		{6647221E-3CFD-475E-951B-3CF5854623AA}.Release|Any CPU.ActiveCfg = Release|Any CPU
		{6647221E-3CFD-475E-951B-3CF5854623AA}.Release|Any CPU.Build.0 = Release|Any CPU
		{6647221E-3CFD-475E-951B-3CF5854623AA}.Release|x64.ActiveCfg = Release|Any CPU
		{6647221E-3CFD-475E-951B-3CF5854623AA}.Release|x64.Build.0 = Release|Any CPU
		{6647221E-3CFD-475E-951B-3CF5854623AA}.Release|x86.ActiveCfg = Release|Any CPU
		{6647221E-3CFD-475E-951B-3CF5854623AA}.Release|x86.Build.0 = Release|Any CPU
		{1B0E8252-9D56-404F-A24B-8BC11D01320B}.Debug|Any CPU.ActiveCfg = Debug|Any CPU
		{1B0E8252-9D56-404F-A24B-8BC11D01320B}.Debug|Any CPU.Build.0 = Debug|Any CPU
		{1B0E8252-9D56-404F-A24B-8BC11D01320B}.Debug|x64.ActiveCfg = Debug|Any CPU
		{1B0E8252-9D56-404F-A24B-8BC11D01320B}.Debug|x64.Build.0 = Debug|Any CPU
		{1B0E8252-9D56-404F-A24B-8BC11D01320B}.Debug|x86.ActiveCfg = Debug|Any CPU
		{1B0E8252-9D56-404F-A24B-8BC11D01320B}.Debug|x86.Build.0 = Debug|Any CPU
		{1B0E8252-9D56-404F-A24B-8BC11D01320B}.Release|Any CPU.ActiveCfg = Release|Any CPU
		{1B0E8252-9D56-404F-A24B-8BC11D01320B}.Release|Any CPU.Build.0 = Release|Any CPU
		{1B0E8252-9D56-404F-A24B-8BC11D01320B}.Release|x64.ActiveCfg = Release|Any CPU
		{1B0E8252-9D56-404F-A24B-8BC11D01320B}.Release|x64.Build.0 = Release|Any CPU
		{1B0E8252-9D56-404F-A24B-8BC11D01320B}.Release|x86.ActiveCfg = Release|Any CPU
		{1B0E8252-9D56-404F-A24B-8BC11D01320B}.Release|x86.Build.0 = Release|Any CPU
	EndGlobalSection
	GlobalSection(SolutionProperties) = preSolution
		HideSolutionNode = FALSE
	EndGlobalSection
	GlobalSection(NestedProjects) = preSolution
		{9E06823C-A474-4769-9AB1-9C066ACDA1DA} = {827E0CD3-B72D-47B6-A68D-7590B98EB39B}
		{B5A5DFC9-D533-483B-9315-33B0DA1E8981} = {827E0CD3-B72D-47B6-A68D-7590B98EB39B}
		{6647221E-3CFD-475E-951B-3CF5854623AA} = {827E0CD3-B72D-47B6-A68D-7590B98EB39B}
		{1B0E8252-9D56-404F-A24B-8BC11D01320B} = {827E0CD3-B72D-47B6-A68D-7590B98EB39B}
	EndGlobalSection
EndGlobal
